{
    "phpstan/phpstan": {
        "version": "1.10",
        "recipe": {
            "version": "1.0"
        }
    },
    "phpunit/phpunit": {
        "version": "11.0",
        "recipe": {
            "version": "9.6"
        }
    },
    "symfony/console": {
        "version": "7.0",
        "recipe": {
            "version": "5.3"
        }
    },
    "symfony/flex": {
        "version": "2.4",
        "recipe": {
            "version": "1.0"
        }
    },
    "symfony/framework-bundle": {
        "version": "v7.0.8"
    },
    "symfony/routing": {
        "version": "7.1",
        "recipe": {
            "version": "6.2"
        }
    }
}
